
Microsoft Visual Studio Solution File, Format Version 12.00
# Visual Studio 15
VisualStudioVersion = 15.0.28307.1300
MinimumVisualStudioVersion = 10.0.40219.1
Project("{FAE04EC0-301F-11D3-BF4B-00C04F79EFBC}") = "TodoWithEF", "TodoWithEF\TodoWithEF.csproj", "{E213BCC1-D41F-4552-A655-CB0FC0311A3C}"
EndProject
Global
	GlobalSection(SolutionConfigurationPlatforms) = preSolution
		Debug|Any CPU = Debug|Any CPU
		Release|Any CPU = Release|Any CPU
	EndGlobalSection
	GlobalSection(ProjectConfigurationPlatforms) = postSolution
		{E213BCC1-D41F-4552-A655-CB0FC0311A3C}.Debug|Any CPU.ActiveCfg = Debug|Any CPU
		{E213BCC1-D41F-4552-A655-CB0FC0311A3C}.Debug|Any CPU.Build.0 = Debug|Any CPU
		{E213BCC1-D41F-4552-A655-CB0FC0311A3C}.Release|Any CPU.ActiveCfg = Release|Any CPU
		{E213BCC1-D41F-4552-A655-CB0FC0311A3C}.Release|Any CPU.Build.0 = Release|Any CPU
	EndGlobalSection
	GlobalSection(SolutionProperties) = preSolution
		HideSolutionNode = FALSE
	EndGlobalSection
	GlobalSection(ExtensibilityGlobals) = postSolution
		SolutionGuid = {F7FF7A6A-5454-42C8-93FA-B9982A8B42F8}
	EndGlobalSection
EndGlobal
